
Microsoft Visual Studio Solution File, Format Version 12.00
# Visual Studio Version 17
VisualStudioVersion = 17.5.002.0
MinimumVisualStudioVersion = 10.0.40219.1
Project("{9A19103F-16F7-4668-BE54-9A1E7A4F7556}") = "DeckManager", "DeckManager.csproj", "{69B0FDF8-F335-4F0C-BD90-24EEFE78F683}"
EndProject
Global
	GlobalSection(SolutionConfigurationPlatforms) = preSolution
		Debug|Any CPU = Debug|Any CPU
		Release|Any CPU = Release|Any CPU
	EndGlobalSection
	GlobalSection(ProjectConfigurationPlatforms) = postSolution
		{69B0FDF8-F335-4F0C-BD90-24EEFE78F683}.Debug|Any CPU.ActiveCfg = Debug|Any CPU
		{69B0FDF8-F335-4F0C-BD90-24EEFE78F683}.Debug|Any CPU.Build.0 = Debug|Any CPU
		{69B0FDF8-F335-4F0C-BD90-24EEFE78F683}.Release|Any CPU.ActiveCfg = Release|Any CPU
		{69B0FDF8-F335-4F0C-BD90-24EEFE78F683}.Release|Any CPU.Build.0 = Release|Any CPU
	EndGlobalSection
	GlobalSection(SolutionProperties) = preSolution
		HideSolutionNode = FALSE
	EndGlobalSection
	GlobalSection(ExtensibilityGlobals) = postSolution
		SolutionGuid = {D398B5D6-A373-4C7E-9FAA-96E45C356B86}
	EndGlobalSection
EndGlobal
